{
  "object": {
    "pins": [
      {
        "package": "FDFoundation",
        "repositoryURL": "https://github.com/fandongtongxue/FDFoundation.git",
        "state": {
          "branch": "master",
          "revision": "f6887c06836764ccfd2e1d26abd14efadebd0a6e",
          "version": null
        }
      },
      {
        "package": "HandyJSON",
        "repositoryURL": "https://github.com/alibaba/HandyJSON.git",
        "state": {
          "branch": null,
          "revision": "dcf39cf062680ffa4fd0acb7f9117a97755c113f",
          "version": "5.0.2"
        }
      }
    ]
  },
  "version": 1
}
