{
  "object": {
    "pins": [
      {
        "package": "FDFoundation",
        "repositoryURL": "https://github.com/fandongtongxue/FDFoundation.git",
        "state": {
          "branch": "master",
          "revision": "95c16a64abbc947dffd18a22ea07cc7f30bd3a9b",
          "version": null
        }
      },
      {
        "package": "KakaJSON",
        "repositoryURL": "https://github.com/kakaopensource/KakaJSON.git",
        "state": {
          "branch": null,
          "revision": "88d8587a90b8efaac9228baee3a759c25f8a6dd3",
          "version": "1.1.2"
        }
      }
    ]
  },
  "version": 1
}
